Microsoft Visual Studio Solution File, Format Version 12.00
# Visual Studio Version 16
VisualStudioVersion = 16.0.29613.14
MinimumVisualStudioVersion = 10.0.40219.1
Project("{9A19103F-16F7-4668-BE54-9A1E7A4F7556}") = "Parser.Api", "Parser\Parser.Api.csproj", "{33D13941-9DA0-42F5-A094-59771D789CD7}"
EndProject
Project("{9A19103F-16F7-4668-BE54-9A1E7A4F7556}") = "Parser", "Parser.Service\Parser.csproj", "{A2DD221F-BBC4-44FE-99D6-F195FB64AF9F}"
EndProject
Project("{FAE04EC0-301F-11D3-BF4B-00C04F79EFBC}") = "Parser.Test", "Parser.Test\Parser.Test.csproj", "{BDC5D023-7523-4FFC-9B98-4D768D60DF37}"
EndProject
Global
	GlobalSection(SolutionConfigurationPlatforms) = preSolution
		Debug|Any CPU = Debug|Any CPU
		Release|Any CPU = Release|Any CPU
	EndGlobalSection
	GlobalSection(ProjectConfigurationPlatforms) = postSolution
		{33D13941-9DA0-42F5-A094-59771D789CD7}.Debug|Any CPU.ActiveCfg = Debug|Any CPU
		{33D13941-9DA0-42F5-A094-59771D789CD7}.Debug|Any CPU.Build.0 = Debug|Any CPU
		{33D13941-9DA0-42F5-A094-59771D789CD7}.Release|Any CPU.ActiveCfg = Release|Any CPU
		{33D13941-9DA0-42F5-A094-59771D789CD7}.Release|Any CPU.Build.0 = Release|Any CPU
		{A2DD221F-BBC4-44FE-99D6-F195FB64AF9F}.Debug|Any CPU.ActiveCfg = Debug|Any CPU
		{A2DD221F-BBC4-44FE-99D6-F195FB64AF9F}.Debug|Any CPU.Build.0 = Debug|Any CPU
		{A2DD221F-BBC4-44FE-99D6-F195FB64AF9F}.Release|Any CPU.ActiveCfg = Release|Any CPU
		{A2DD221F-BBC4-44FE-99D6-F195FB64AF9F}.Release|Any CPU.Build.0 = Release|Any CPU
		{BDC5D023-7523-4FFC-9B98-4D768D60DF37}.Debug|Any CPU.ActiveCfg = Debug|Any CPU
		{BDC5D023-7523-4FFC-9B98-4D768D60DF37}.Debug|Any CPU.Build.0 = Debug|Any CPU
		{BDC5D023-7523-4FFC-9B98-4D768D60DF37}.Release|Any CPU.ActiveCfg = Release|Any CPU
		{BDC5D023-7523-4FFC-9B98-4D768D60DF37}.Release|Any CPU.Build.0 = Release|Any CPU
	EndGlobalSection
	GlobalSection(SolutionProperties) = preSolution
		HideSolutionNode = FALSE
	EndGlobalSection
	GlobalSection(ExtensibilityGlobals) = postSolution
		SolutionGuid = {51A98FE6-E28D-4AB2-94CA-5BE87C2701BB}
	EndGlobalSection
EndGlobal
